
Microsoft Visual Studio Solution File, Format Version 12.00
# Visual Studio Version 17
VisualStudioVersion = 17.11.35312.102
MinimumVisualStudioVersion = 10.0.40219.1
Project("{9A19103F-16F7-4668-BE54-9A1E7A4F7556}") = "UrWave", "UrWave\UrWave.csproj", "{65524273-BE1A-44AA-8C20-6EC78FB07560}"
EndProject
Global
	GlobalSection(SolutionConfigurationPlatforms) = preSolution
		Debug|Any CPU = Debug|Any CPU
		Release|Any CPU = Release|Any CPU
	EndGlobalSection
	GlobalSection(ProjectConfigurationPlatforms) = postSolution
		{65524273-BE1A-44AA-8C20-6EC78FB07560}.Debug|Any CPU.ActiveCfg = Debug|Any CPU
		{65524273-BE1A-44AA-8C20-6EC78FB07560}.Debug|Any CPU.Build.0 = Debug|Any CPU
		{65524273-BE1A-44AA-8C20-6EC78FB07560}.Release|Any CPU.ActiveCfg = Release|Any CPU
		{65524273-BE1A-44AA-8C20-6EC78FB07560}.Release|Any CPU.Build.0 = Release|Any CPU
	EndGlobalSection
	GlobalSection(SolutionProperties) = preSolution
		HideSolutionNode = FALSE
	EndGlobalSection
	GlobalSection(ExtensibilityGlobals) = postSolution
		SolutionGuid = {9C4DC7D7-BC8A-4762-B00E-157A3257FADF}
	EndGlobalSection
EndGlobal
